{
  "name": "shellcrash-sub-updater",
  "version": "0.1.0",
  "lockfileVersion": 3,
  "requires": true,
  "packages": {
    "": {
      "name": "shellcrash-sub-updater",
      "version": "0.1.0",
      "license": "MIT",
      "dependencies": {
        "7zip-min": "^2.0.0"
      },
      "bin": {
        "shellcrash-sub-updater": "updater.js"
      },
      "engines": {
        "node": ">=18"
      }
    },
    "node_modules/7zip-bin": {
      "version": "5.1.1",
      "resolved": "https://registry.npmjs.org/7zip-bin/-/7zip-bin-5.1.1.tgz",
      "integrity": "sha512-sAP4LldeWNz0lNzmTird3uWfFDWWTeg6V/MsmyyLR9X1idwKBWIgt/ZvinqQldJm3LecKEs1emkbquO6PCiLVQ==",
      "license": "MIT"
    },
    "node_modules/7zip-min": {
      "version": "2.1.0",
      "resolved": "https://registry.npmjs.org/7zip-min/-/7zip-min-2.1.0.tgz",
      "integrity": "sha512-6uoMmPaasBQOyEuMIuNnASA6mF6ZfNmhsKdxJiEbtkHt9DkrJ0w1cZwyNdkDeOKjR2c5gOQAEkvMN3gyZ9MEBw==",
      "license": "MIT",
      "dependencies": {
        "7zip-bin": "5.1.1"
      }
    }
  }
}
